
Microsoft Visual Studio Solution File, Format Version 12.00
# Visual Studio 15
VisualStudioVersion = 15.0.27428.2037
MinimumVisualStudioVersion = 10.0.40219.1
Project("{D2ABAB84-BF74-430A-B69E-9DC6D40DDA17}") = "VS_ErrorsNulls", "VS_ErrorsNulls\VS_ErrorsNulls.dwproj", "{55DE1A6E-A7CA-4D6C-BB43-A28C199DC085}"
EndProject
Global
	GlobalSection(SolutionConfigurationPlatforms) = preSolution
		Development|Default = Development|Default
	EndGlobalSection
	GlobalSection(ProjectConfigurationPlatforms) = postSolution
		{55DE1A6E-A7CA-4D6C-BB43-A28C199DC085}.Development|Default.ActiveCfg = Development
		{55DE1A6E-A7CA-4D6C-BB43-A28C199DC085}.Development|Default.Build.0 = Development
		{55DE1A6E-A7CA-4D6C-BB43-A28C199DC085}.Development|Default.Deploy.0 = Development
	EndGlobalSection
	GlobalSection(SolutionProperties) = preSolution
		HideSolutionNode = FALSE
	EndGlobalSection
	GlobalSection(ExtensibilityGlobals) = postSolution
		SolutionGuid = {D6FFB85C-CD77-48B6-A304-1558EF93FC9C}
	EndGlobalSection
EndGlobal
