
Microsoft Visual Studio Solution File, Format Version 12.00
# Visual Studio 15
VisualStudioVersion = 15.0.28010.2026
MinimumVisualStudioVersion = 10.0.40219.1
Project("{D2ABAB84-BF74-430A-B69E-9DC6D40DDA17}") = "Chinook06Part", "Chinook06Part\Chinook06Part.dwproj", "{5ACC6C93-8A48-41E0-AF88-E49E38415B9F}"
EndProject
Global
	GlobalSection(SolutionConfigurationPlatforms) = preSolution
		Development|Default = Development|Default
	EndGlobalSection
	GlobalSection(ProjectConfigurationPlatforms) = postSolution
		{5ACC6C93-8A48-41E0-AF88-E49E38415B9F}.Development|Default.ActiveCfg = Development
		{5ACC6C93-8A48-41E0-AF88-E49E38415B9F}.Development|Default.Build.0 = Development
		{5ACC6C93-8A48-41E0-AF88-E49E38415B9F}.Development|Default.Deploy.0 = Development
	EndGlobalSection
	GlobalSection(SolutionProperties) = preSolution
		HideSolutionNode = FALSE
	EndGlobalSection
	GlobalSection(ExtensibilityGlobals) = postSolution
		SolutionGuid = {BF59C8FE-B23B-4C24-9393-D657E8431E7B}
	EndGlobalSection
EndGlobal
